// !$*UTF8*$!
{
	archiveVersion = 1;
	classes = {
	};
	objectVersion = 50;
	objects = {

/* Begin PBXBuildFile section */
		21B748A42703FA240006D5C8 /* AppDelegate.swift in Sources */ = {isa = PBXBuildFile; fileRef = 21B748A32703FA240006D5C8 /* AppDelegate.swift */; };
		21B748A62703FA240006D5C8 /* SceneDelegate.swift in Sources */ = {isa = PBXBuildFile; fileRef = 21B748A52703FA240006D5C8 /* SceneDelegate.swift */; };
		21B748A82703FA240006D5C8 /* ViewController.swift in Sources */ = {isa = PBXBuildFile; fileRef = 21B748A72703FA240006D5C8 /* ViewController.swift */; };
		21B748AB2703FA240006D5C8 /* Main.storyboard in Resources */ = {isa = PBXBuildFile; fileRef = 21B748A92703FA240006D5C8 /* Main.storyboard */; };
		21B748AD2703FA250006D5C8 /* Assets.xcassets in Resources */ = {isa = PBXBuildFile; fileRef = 21B748AC2703FA250006D5C8 /* Assets.xcassets */; };
		21B748B02703FA250006D5C8 /* LaunchScreen.storyboard in Resources */ = {isa = PBXBuildFile; fileRef = 21B748AE2703FA250006D5C8 /* LaunchScreen.storyboard */; };
		21B748BB2703FA250006D5C8 /* TestTests.swift in Sources */ = {isa = PBXBuildFile; fileRef = 21B748BA2703FA250006D5C8 /* TestTests.swift */; };
		21B748C62703FA250006D5C8 /* TestUITests.swift in Sources */ = {isa = PBXBuildFile; fileRef = 21B748C52703FA250006D5C8 /* TestUITests.swift */; };
		21B748D52703FB600006D5C8 /* ViewController.swift in Sources */ = {isa = PBXBuildFile; fileRef = 21B748A72703FA240006D5C8 /* ViewController.swift */; };
		21B748D62703FB600006D5C8 /* AppDelegate.swift in Sources */ = {isa = PBXBuildFile; fileRef = 21B748A32703FA240006D5C8 /* AppDelegate.swift */; };
		21B748D72703FB600006D5C8 /* SceneDelegate.swift in Sources */ = {isa = PBXBuildFile; fileRef = 21B748A52703FA240006D5C8 /* SceneDelegate.swift */; };
		21B748DA2703FB600006D5C8 /* LaunchScreen.storyboard in Resources */ = {isa = PBXBuildFile; fileRef = 21B748AE2703FA250006D5C8 /* LaunchScreen.storyboard */; };
		21B748DB2703FB600006D5C8 /* Assets.xcassets in Resources */ = {isa = PBXBuildFile; fileRef = 21B748AC2703FA250006D5C8 /* Assets.xcassets */; };
		21B748DC2703FB600006D5C8 /* Main.storyboard in Resources */ = {isa = PBXBuildFile; fileRef = 21B748A92703FA240006D5C8 /* Main.storyboard */; };
/* End PBXBuildFile section */

/* Begin PBXContainerItemProxy section */
		21B748B72703FA250006D5C8 /* PBXContainerItemProxy */ = {
			isa = PBXContainerItemProxy;
			containerPortal = 21B748982703FA240006D5C8 /* Project object */;
			proxyType = 1;
			remoteGlobalIDString = 21B7489F2703FA240006D5C8;
			remoteInfo = Test;
		};
		21B748C22703FA250006D5C8 /* PBXContainerItemProxy */ = {
			isa = PBXContainerItemProxy;
			containerPortal = 21B748982703FA240006D5C8 /* Project object */;
			proxyType = 1;
			remoteGlobalIDString = 21B7489F2703FA240006D5C8;
			remoteInfo = Test;
		};
/* End PBXContainerItemProxy section */

/* Begin PBXFileReference section */
		21B748A02703FA240006D5C8 /* Test.app */ = {isa = PBXFileReference; explicitFileType = wrapper.application; includeInIndex = 0; path = Test.app; sourceTree = BUILT_PRODUCTS_DIR; };
		21B748A32703FA240006D5C8 /* AppDelegate.swift */ = {isa = PBXFileReference; lastKnownFileType = sourcecode.swift; path = AppDelegate.swift; sourceTree = "<group>"; };
		21B748A52703FA240006D5C8 /* SceneDelegate.swift */ = {isa = PBXFileReference; lastKnownFileType = sourcecode.swift; path = SceneDelegate.swift; sourceTree = "<group>"; };
		21B748A72703FA240006D5C8 /* ViewController.swift */ = {isa = PBXFileReference; lastKnownFileType = sourcecode.swift; path = ViewController.swift; sourceTree = "<group>"; };
		21B748AA2703FA240006D5C8 /* Base */ = {isa = PBXFileReference; lastKnownFileType = file.storyboard; name = Base; path = Base.lproj/Main.storyboard; sourceTree = "<group>"; };
		21B748AC2703FA250006D5C8 /* Assets.xcassets */ = {isa = PBXFileReference; lastKnownFileType = folder.assetcatalog; path = Assets.xcassets; sourceTree = "<group>"; };
		21B748AF2703FA250006D5C8 /* Base */ = {isa = PBXFileReference; lastKnownFileType = file.storyboard; name = Base; path = Base.lproj/LaunchScreen.storyboard; sourceTree = "<group>"; };
		21B748B12703FA250006D5C8 /* Info.plist */ = {isa = PBXFileReference; lastKnownFileType = text.plist.xml; path = Info.plist; sourceTree = "<group>"; };
		21B748B62703FA250006D5C8 /* TestTests.xctest */ = {isa = PBXFileReference; explicitFileType = wrapper.cfbundle; includeInIndex = 0; path = TestTests.xctest; sourceTree = BUILT_PRODUCTS_DIR; };
		21B748BA2703FA250006D5C8 /* TestTests.swift */ = {isa = PBXFileReference; lastKnownFileType = sourcecode.swift; path = TestTests.swift; sourceTree = "<group>"; };
		21B748BC2703FA250006D5C8 /* Info.plist */ = {isa = PBXFileReference; lastKnownFileType = text.plist.xml; path = Info.plist; sourceTree = "<group>"; };
		21B748C12703FA250006D5C8 /* TestUITests.xctest */ = {isa = PBXFileReference; explicitFileType = wrapper.cfbundle; includeInIndex = 0; path = TestUITests.xctest; sourceTree = BUILT_PRODUCTS_DIR; };
		21B748C52703FA250006D5C8 /* TestUITests.swift */ = {isa = PBXFileReference; lastKnownFileType = sourcecode.swift; path = TestUITests.swift; sourceTree = "<group>"; };
		21B748C72703FA250006D5C8 /* Info.plist */ = {isa = PBXFileReference; lastKnownFileType = text.plist.xml; path = Info.plist; sourceTree = "<group>"; };
		21B748E02703FB600006D5C8 /* A1 Mercado.app */ = {isa = PBXFileReference; explicitFileType = wrapper.application; includeInIndex = 0; path = "A1 Mercado.app"; sourceTree = BUILT_PRODUCTS_DIR; };
		21B748E12703FB600006D5C8 /* Test copy-Info.plist */ = {isa = PBXFileReference; lastKnownFileType = text.plist.xml; name = "Test copy-Info.plist"; path = "/Users/Ram/Documents/GitHub/Test/Test copy-Info.plist"; sourceTree = "<absolute>"; };
/* End PBXFileReference section */

/* Begin PBXFrameworksBuildPhase section */
		21B7489D2703FA240006D5C8 /* Frameworks */ = {
			isa = PBXFrameworksBuildPhase;
			buildActionMask = 2147483647;
			files = (
			);
			runOnlyForDeploymentPostprocessing = 0;
		};
		21B748B32703FA250006D5C8 /* Frameworks */ = {
			isa = PBXFrameworksBuildPhase;
			buildActionMask = 2147483647;
			files = (
			);
			runOnlyForDeploymentPostprocessing = 0;
		};
		21B748BE2703FA250006D5C8 /* Frameworks */ = {
			isa = PBXFrameworksBuildPhase;
			buildActionMask = 2147483647;
			files = (
			);
			runOnlyForDeploymentPostprocessing = 0;
		};
		21B748D82703FB600006D5C8 /* Frameworks */ = {
			isa = PBXFrameworksBuildPhase;
			buildActionMask = 2147483647;
			files = (
			);
			runOnlyForDeploymentPostprocessing = 0;
		};
/* End PBXFrameworksBuildPhase section */

/* Begin PBXGroup section */
		21B748972703FA240006D5C8 = {
			isa = PBXGroup;
			children = (
				21B748A22703FA240006D5C8 /* Test */,
				21B748B92703FA250006D5C8 /* TestTests */,
				21B748C42703FA250006D5C8 /* TestUITests */,
				21B748A12703FA240006D5C8 /* Products */,
				21B748E12703FB600006D5C8 /* Test copy-Info.plist */,
			);
			sourceTree = "<group>";
		};
		21B748A12703FA240006D5C8 /* Products */ = {
			isa = PBXGroup;
			children = (
				21B748A02703FA240006D5C8 /* Test.app */,
				21B748B62703FA250006D5C8 /* TestTests.xctest */,
				21B748C12703FA250006D5C8 /* TestUITests.xctest */,
				21B748E02703FB600006D5C8 /* A1 Mercado.app */,
			);
			name = Products;
			sourceTree = "<group>";
		};
		21B748A22703FA240006D5C8 /* Test */ = {
			isa = PBXGroup;
			children = (
				21B748A32703FA240006D5C8 /* AppDelegate.swift */,
				21B748A52703FA240006D5C8 /* SceneDelegate.swift */,
				21B748A72703FA240006D5C8 /* ViewController.swift */,
				21B748A92703FA240006D5C8 /* Main.storyboard */,
				21B748AC2703FA250006D5C8 /* Assets.xcassets */,
				21B748AE2703FA250006D5C8 /* LaunchScreen.storyboard */,
				21B748B12703FA250006D5C8 /* Info.plist */,
			);
			path = Test;
			sourceTree = "<group>";
		};
		21B748B92703FA250006D5C8 /* TestTests */ = {
			isa = PBXGroup;
			children = (
				21B748BA2703FA250006D5C8 /* TestTests.swift */,
				21B748BC2703FA250006D5C8 /* Info.plist */,
			);
			path = TestTests;
			sourceTree = "<group>";
		};
		21B748C42703FA250006D5C8 /* TestUITests */ = {
			isa = PBXGroup;
			children = (
				21B748C52703FA250006D5C8 /* TestUITests.swift */,
				21B748C72703FA250006D5C8 /* Info.plist */,
			);
			path = TestUITests;
			sourceTree = "<group>";
		};
/* End PBXGroup section */

/* Begin PBXNativeTarget section */
		21B7489F2703FA240006D5C8 /* Test */ = {
			isa = PBXNativeTarget;
			buildConfigurationList = 21B748CA2703FA250006D5C8 /* Build configuration list for PBXNativeTarget "Test" */;
			buildPhases = (
				21B7489C2703FA240006D5C8 /* Sources */,
				21B7489D2703FA240006D5C8 /* Frameworks */,
				21B7489E2703FA240006D5C8 /* Resources */,
			);
			buildRules = (
			);
			dependencies = (
			);
			name = Test;
			productName = Test;
			productReference = 21B748A02703FA240006D5C8 /* Test.app */;
			productType = "com.apple.product-type.application";
		};
		21B748B52703FA250006D5C8 /* TestTests */ = {
			isa = PBXNativeTarget;
			buildConfigurationList = 21B748CD2703FA250006D5C8 /* Build configuration list for PBXNativeTarget "TestTests" */;
			buildPhases = (
				21B748B22703FA250006D5C8 /* Sources */,
				21B748B32703FA250006D5C8 /* Frameworks */,
				21B748B42703FA250006D5C8 /* Resources */,
			);
			buildRules = (
			);
			dependencies = (
				21B748B82703FA250006D5C8 /* PBXTargetDependency */,
			);
			name = TestTests;
			productName = TestTests;
			productReference = 21B748B62703FA250006D5C8 /* TestTests.xctest */;
			productType = "com.apple.product-type.bundle.unit-test";
		};
		21B748C02703FA250006D5C8 /* TestUITests */ = {
			isa = PBXNativeTarget;
			buildConfigurationList = 21B748D02703FA250006D5C8 /* Build configuration list for PBXNativeTarget "TestUITests" */;
			buildPhases = (
				21B748BD2703FA250006D5C8 /* Sources */,
				21B748BE2703FA250006D5C8 /* Frameworks */,
				21B748BF2703FA250006D5C8 /* Resources */,
			);
			buildRules = (
			);
			dependencies = (
				21B748C32703FA250006D5C8 /* PBXTargetDependency */,
			);
			name = TestUITests;
			productName = TestUITests;
			productReference = 21B748C12703FA250006D5C8 /* TestUITests.xctest */;
			productType = "com.apple.product-type.bundle.ui-testing";
		};
		21B748D32703FB600006D5C8 /* A1 Mercado */ = {
			isa = PBXNativeTarget;
			buildConfigurationList = 21B748DD2703FB600006D5C8 /* Build configuration list for PBXNativeTarget "A1 Mercado" */;
			buildPhases = (
				21B748D42703FB600006D5C8 /* Sources */,
				21B748D82703FB600006D5C8 /* Frameworks */,
				21B748D92703FB600006D5C8 /* Resources */,
			);
			buildRules = (
			);
			dependencies = (
			);
			name = "A1 Mercado";
			productName = Test;
			productReference = 21B748E02703FB600006D5C8 /* A1 Mercado.app */;
			productType = "com.apple.product-type.application";
		};
/* End PBXNativeTarget section */

/* Begin PBXProject section */
		21B748982703FA240006D5C8 /* Project object */ = {
			isa = PBXProject;
			attributes = {
				LastSwiftUpdateCheck = 1250;
				LastUpgradeCheck = 1250;
				TargetAttributes = {
					21B7489F2703FA240006D5C8 = {
						CreatedOnToolsVersion = 12.5.1;
					};
					21B748B52703FA250006D5C8 = {
						CreatedOnToolsVersion = 12.5.1;
						TestTargetID = 21B7489F2703FA240006D5C8;
					};
					21B748C02703FA250006D5C8 = {
						CreatedOnToolsVersion = 12.5.1;
						TestTargetID = 21B7489F2703FA240006D5C8;
					};
				};
			};
			buildConfigurationList = 21B7489B2703FA240006D5C8 /* Build configuration list for PBXProject "Test" */;
			compatibilityVersion = "Xcode 9.3";
			developmentRegion = en;
			hasScannedForEncodings = 0;
			knownRegions = (
				en,
				Base,
			);
			mainGroup = 21B748972703FA240006D5C8;
			productRefGroup = 21B748A12703FA240006D5C8 /* Products */;
			projectDirPath = "";
			projectRoot = "";
			targets = (
				21B7489F2703FA240006D5C8 /* Test */,
				21B748B52703FA250006D5C8 /* TestTests */,
				21B748C02703FA250006D5C8 /* TestUITests */,
				21B748D32703FB600006D5C8 /* A1 Mercado */,
			);
		};
/* End PBXProject section */

/* Begin PBXResourcesBuildPhase section */
		21B7489E2703FA240006D5C8 /* Resources */ = {
			isa = PBXResourcesBuildPhase;
			buildActionMask = 2147483647;
			files = (
				21B748B02703FA250006D5C8 /* LaunchScreen.storyboard in Resources */,
				21B748AD2703FA250006D5C8 /* Assets.xcassets in Resources */,
				21B748AB2703FA240006D5C8 /* Main.storyboard in Resources */,
			);
			runOnlyForDeploymentPostprocessing = 0;
		};
		21B748B42703FA250006D5C8 /* Resources */ = {
			isa = PBXResourcesBuildPhase;
			buildActionMask = 2147483647;
			files = (
			);
			runOnlyForDeploymentPostprocessing = 0;
		};
		21B748BF2703FA250006D5C8 /* Resources */ = {
			isa = PBXResourcesBuildPhase;
			buildActionMask = 2147483647;
			files = (
			);
			runOnlyForDeploymentPostprocessing = 0;
		};
		21B748D92703FB600006D5C8 /* Resources */ = {
			isa = PBXResourcesBuildPhase;
			buildActionMask = 2147483647;
			files = (
				21B748DA2703FB600006D5C8 /* LaunchScreen.storyboard in Resources */,
				21B748DB2703FB600006D5C8 /* Assets.xcassets in Resources */,
				21B748DC2703FB600006D5C8 /* Main.storyboard in Resources */,
			);
			runOnlyForDeploymentPostprocessing = 0;
		};
/* End PBXResourcesBuildPhase section */

/* Begin PBXSourcesBuildPhase section */
		21B7489C2703FA240006D5C8 /* Sources */ = {
			isa = PBXSourcesBuildPhase;
			buildActionMask = 2147483647;
			files = (
				21B748A82703FA240006D5C8 /* ViewController.swift in Sources */,
				21B748A42703FA240006D5C8 /* AppDelegate.swift in Sources */,
				21B748A62703FA240006D5C8 /* SceneDelegate.swift in Sources */,
			);
			runOnlyForDeploymentPostprocessing = 0;
		};
		21B748B22703FA250006D5C8 /* Sources */ = {
			isa = PBXSourcesBuildPhase;
			buildActionMask = 2147483647;
			files = (
				21B748BB2703FA250006D5C8 /* TestTests.swift in Sources */,
			);
			runOnlyForDeploymentPostprocessing = 0;
		};
		21B748BD2703FA250006D5C8 /* Sources */ = {
			isa = PBXSourcesBuildPhase;
			buildActionMask = 2147483647;
			files = (
				21B748C62703FA250006D5C8 /* TestUITests.swift in Sources */,
			);
			runOnlyForDeploymentPostprocessing = 0;
		};
		21B748D42703FB600006D5C8 /* Sources */ = {
			isa = PBXSourcesBuildPhase;
			buildActionMask = 2147483647;
			files = (
				21B748D52703FB600006D5C8 /* ViewController.swift in Sources */,
				21B748D62703FB600006D5C8 /* AppDelegate.swift in Sources */,
				21B748D72703FB600006D5C8 /* SceneDelegate.swift in Sources */,
			);
			runOnlyForDeploymentPostprocessing = 0;
		};
/* End PBXSourcesBuildPhase section */

/* Begin PBXTargetDependency section */
		21B748B82703FA250006D5C8 /* PBXTargetDependency */ = {
			isa = PBXTargetDependency;
			target = 21B7489F2703FA240006D5C8 /* Test */;
			targetProxy = 21B748B72703FA250006D5C8 /* PBXContainerItemProxy */;
		};
		21B748C32703FA250006D5C8 /* PBXTargetDependency */ = {
			isa = PBXTargetDependency;
			target = 21B7489F2703FA240006D5C8 /* Test */;
			targetProxy = 21B748C22703FA250006D5C8 /* PBXContainerItemProxy */;
		};
/* End PBXTargetDependency section */

/* Begin PBXVariantGroup section */
		21B748A92703FA240006D5C8 /* Main.storyboard */ = {
			isa = PBXVariantGroup;
			children = (
				21B748AA2703FA240006D5C8 /* Base */,
			);
			name = Main.storyboard;
			sourceTree = "<group>";
		};
		21B748AE2703FA250006D5C8 /* LaunchScreen.storyboard */ = {
			isa = PBXVariantGroup;
			children = (
				21B748AF2703FA250006D5C8 /* Base */,
			);
			name = LaunchScreen.storyboard;
			sourceTree = "<group>";
		};
/* End PBXVariantGroup section */

/* Begin XCBuildConfiguration section */
		21B748C82703FA250006D5C8 /* Debug */ = {
			isa = XCBuildConfiguration;
			buildSettings = {
				ALWAYS_SEARCH_USER_PATHS = NO;
				CLANG_ANALYZER_NONNULL = YES;
				CLANG_ANALYZER_NUMBER_OBJECT_CONVERSION = YES_AGGRESSIVE;
				CLANG_CXX_LANGUAGE_STANDARD = "gnu++14";
				CLANG_CXX_LIBRARY = "libc++";
				CLANG_ENABLE_MODULES = YES;
				CLANG_ENABLE_OBJC_ARC = YES;
				CLANG_ENABLE_OBJC_WEAK = YES;
				CLANG_WARN_BLOCK_CAPTURE_AUTORELEASING = YES;
				CLANG_WARN_BOOL_CONVERSION = YES;
				CLANG_WARN_COMMA = YES;
				CLANG_WARN_CONSTANT_CONVERSION = YES;
				CLANG_WARN_DEPRECATED_OBJC_IMPLEMENTATIONS = YES;
				CLANG_WARN_DIRECT_OBJC_ISA_USAGE = YES_ERROR;
				CLANG_WARN_DOCUMENTATION_COMMENTS = YES;
				CLANG_WARN_EMPTY_BODY = YES;
				CLANG_WARN_ENUM_CONVERSION = YES;
				CLANG_WARN_INFINITE_RECURSION = YES;
				CLANG_WARN_INT_CONVERSION = YES;
				CLANG_WARN_NON_LITERAL_NULL_CONVERSION = YES;
				CLANG_WARN_OBJC_IMPLICIT_RETAIN_SELF = YES;
				CLANG_WARN_OBJC_LITERAL_CONVERSION = YES;
				CLANG_WARN_OBJC_ROOT_CLASS = YES_ERROR;
				CLANG_WARN_QUOTED_INCLUDE_IN_FRAMEWORK_HEADER = YES;
				CLANG_WARN_RANGE_LOOP_ANALYSIS = YES;
				CLANG_WARN_STRICT_PROTOTYPES = YES;
				CLANG_WARN_SUSPICIOUS_MOVE = YES;
				CLANG_WARN_UNGUARDED_AVAILABILITY = YES_AGGRESSIVE;
				CLANG_WARN_UNREACHABLE_CODE = YES;
				CLANG_WARN__DUPLICATE_METHOD_MATCH = YES;
				COPY_PHASE_STRIP = NO;
				DEBUG_INFORMATION_FORMAT = dwarf;
				ENABLE_STRICT_OBJC_MSGSEND = YES;
				ENABLE_TESTABILITY = YES;
				GCC_C_LANGUAGE_STANDARD = gnu11;
				GCC_DYNAMIC_NO_PIC = NO;
				GCC_NO_COMMON_BLOCKS = YES;
				GCC_OPTIMIZATION_LEVEL = 0;
				GCC_PREPROCESSOR_DEFINITIONS = (
					"DEBUG=1",
					"$(inherited)",
				);
				GCC_WARN_64_TO_32_BIT_CONVERSION = YES;
				GCC_WARN_ABOUT_RETURN_TYPE = YES_ERROR;
				GCC_WARN_UNDECLARED_SELECTOR = YES;
				GCC_WARN_UNINITIALIZED_AUTOS = YES_AGGRESSIVE;
				GCC_WARN_UNUSED_FUNCTION = YES;
				GCC_WARN_UNUSED_VARIABLE = YES;
				IPHONEOS_DEPLOYMENT_TARGET = 14.5;
				MTL_ENABLE_DEBUG_INFO = INCLUDE_SOURCE;
				MTL_FAST_MATH = YES;
				ONLY_ACTIVE_ARCH = YES;
				SDKROOT = iphoneos;
				SWIFT_ACTIVE_COMPILATION_CONDITIONS = DEBUG;
				SWIFT_OPTIMIZATION_LEVEL = "-Onone";
			};
			name = Debug;
		};
		21B748C92703FA250006D5C8 /* Release */ = {
			isa = XCBuildConfiguration;
			buildSettings = {
				ALWAYS_SEARCH_USER_PATHS = NO;
				CLANG_ANALYZER_NONNULL = YES;
				CLANG_ANALYZER_NUMBER_OBJECT_CONVERSION = YES_AGGRESSIVE;
				CLANG_CXX_LANGUAGE_STANDARD = "gnu++14";
				CLANG_CXX_LIBRARY = "libc++";
				CLANG_ENABLE_MODULES = YES;
				CLANG_ENABLE_OBJC_ARC = YES;
				CLANG_ENABLE_OBJC_WEAK = YES;
				CLANG_WARN_BLOCK_CAPTURE_AUTORELEASING = YES;
				CLANG_WARN_BOOL_CONVERSION = YES;
				CLANG_WARN_COMMA = YES;
				CLANG_WARN_CONSTANT_CONVERSION = YES;
				CLANG_WARN_DEPRECATED_OBJC_IMPLEMENTATIONS = YES;
				CLANG_WARN_DIRECT_OBJC_ISA_USAGE = YES_ERROR;
				CLANG_WARN_DOCUMENTATION_COMMENTS = YES;
				CLANG_WARN_EMPTY_BODY = YES;
				CLANG_WARN_ENUM_CONVERSION = YES;
				CLANG_WARN_INFINITE_RECURSION = YES;
				CLANG_WARN_INT_CONVERSION = YES;
				CLANG_WARN_NON_LITERAL_NULL_CONVERSION = YES;
				CLANG_WARN_OBJC_IMPLICIT_RETAIN_SELF = YES;
				CLANG_WARN_OBJC_LITERAL_CONVERSION = YES;
				CLANG_WARN_OBJC_ROOT_CLASS = YES_ERROR;
				CLANG_WARN_QUOTED_INCLUDE_IN_FRAMEWORK_HEADER = YES;
				CLANG_WARN_RANGE_LOOP_ANALYSIS = YES;
				CLANG_WARN_STRICT_PROTOTYPES = YES;
				CLANG_WARN_SUSPICIOUS_MOVE = YES;
				CLANG_WARN_UNGUARDED_AVAILABILITY = YES_AGGRESSIVE;
				CLANG_WARN_UNREACHABLE_CODE = YES;
				CLANG_WARN__DUPLICATE_METHOD_MATCH = YES;
				COPY_PHASE_STRIP = NO;
				DEBUG_INFORMATION_FORMAT = "dwarf-with-dsym";
				ENABLE_NS_ASSERTIONS = NO;
				ENABLE_STRICT_OBJC_MSGSEND = YES;
				GCC_C_LANGUAGE_STANDARD = gnu11;
				GCC_NO_COMMON_BLOCKS = YES;
				GCC_WARN_64_TO_32_BIT_CONVERSION = YES;
				GCC_WARN_ABOUT_RETURN_TYPE = YES_ERROR;
				GCC_WARN_UNDECLARED_SELECTOR = YES;
				GCC_WARN_UNINITIALIZED_AUTOS = YES_AGGRESSIVE;
				GCC_WARN_UNUSED_FUNCTION = YES;
				GCC_WARN_UNUSED_VARIABLE = YES;
				IPHONEOS_DEPLOYMENT_TARGET = 14.5;
				MTL_ENABLE_DEBUG_INFO = NO;
				MTL_FAST_MATH = YES;
				SDKROOT = iphoneos;
				SWIFT_COMPILATION_MODE = wholemodule;
				SWIFT_OPTIMIZATION_LEVEL = "-O";
				VALIDATE_PRODUCT = YES;
			};
			name = Release;
		};
		21B748CB2703FA250006D5C8 /* Debug */ = {
			isa = XCBuildConfiguration;
			buildSettings = {
				ASSETCATALOG_COMPILER_APPICON_NAME = AppIcon;
				ASSETCATALOG_COMPILER_GLOBAL_ACCENT_COLOR_NAME = AccentColor;
				CODE_SIGN_STYLE = Automatic;
				INFOPLIST_FILE = Test/Info.plist;
				LD_RUNPATH_SEARCH_PATHS = (
					"$(inherited)",
					"@executable_path/Frameworks",
				);
				PRODUCT_BUNDLE_IDENTIFIER = com.pruthvi.Test;
				PRODUCT_NAME = "$(TARGET_NAME)";
				SWIFT_VERSION = 5.0;
				TARGETED_DEVICE_FAMILY = "1,2";
			};
			name = Debug;
		};
		21B748CC2703FA250006D5C8 /* Release */ = {
			isa = XCBuildConfiguration;
			buildSettings = {
				ASSETCATALOG_COMPILER_APPICON_NAME = AppIcon;
				ASSETCATALOG_COMPILER_GLOBAL_ACCENT_COLOR_NAME = AccentColor;
				CODE_SIGN_STYLE = Automatic;
				INFOPLIST_FILE = Test/Info.plist;
				LD_RUNPATH_SEARCH_PATHS = (
					"$(inherited)",
					"@executable_path/Frameworks",
				);
				PRODUCT_BUNDLE_IDENTIFIER = com.pruthvi.Test;
				PRODUCT_NAME = "$(TARGET_NAME)";
				SWIFT_VERSION = 5.0;
				TARGETED_DEVICE_FAMILY = "1,2";
			};
			name = Release;
		};
		21B748CE2703FA250006D5C8 /* Debug */ = {
			isa = XCBuildConfiguration;
			buildSettings = {
				ALWAYS_EMBED_SWIFT_STANDARD_LIBRARIES = YES;
				BUNDLE_LOADER = "$(TEST_HOST)";
				CODE_SIGN_STYLE = Automatic;
				INFOPLIST_FILE = TestTests/Info.plist;
				IPHONEOS_DEPLOYMENT_TARGET = 14.5;
				LD_RUNPATH_SEARCH_PATHS = (
					"$(inherited)",
					"@executable_path/Frameworks",
					"@loader_path/Frameworks",
				);
				PRODUCT_BUNDLE_IDENTIFIER = com.pruthvi.TestTests;
				PRODUCT_NAME = "$(TARGET_NAME)";
				SWIFT_VERSION = 5.0;
				TARGETED_DEVICE_FAMILY = "1,2";
				TEST_HOST = "$(BUILT_PRODUCTS_DIR)/Test.app/Test";
			};
			name = Debug;
		};
		21B748CF2703FA250006D5C8 /* Release */ = {
			isa = XCBuildConfiguration;
			buildSettings = {
				ALWAYS_EMBED_SWIFT_STANDARD_LIBRARIES = YES;
				BUNDLE_LOADER = "$(TEST_HOST)";
				CODE_SIGN_STYLE = Automatic;
				INFOPLIST_FILE = TestTests/Info.plist;
				IPHONEOS_DEPLOYMENT_TARGET = 14.5;
				LD_RUNPATH_SEARCH_PATHS = (
					"$(inherited)",
					"@executable_path/Frameworks",
					"@loader_path/Frameworks",
				);
				PRODUCT_BUNDLE_IDENTIFIER = com.pruthvi.TestTests;
				PRODUCT_NAME = "$(TARGET_NAME)";
				SWIFT_VERSION = 5.0;
				TARGETED_DEVICE_FAMILY = "1,2";
				TEST_HOST = "$(BUILT_PRODUCTS_DIR)/Test.app/Test";
			};
			name = Release;
		};
		21B748D12703FA250006D5C8 /* Debug */ = {
			isa = XCBuildConfiguration;
			buildSettings = {
				ALWAYS_EMBED_SWIFT_STANDARD_LIBRARIES = YES;
				CODE_SIGN_STYLE = Automatic;
				INFOPLIST_FILE = TestUITests/Info.plist;
				LD_RUNPATH_SEARCH_PATHS = (
					"$(inherited)",
					"@executable_path/Frameworks",
					"@loader_path/Frameworks",
				);
				PRODUCT_BUNDLE_IDENTIFIER = com.pruthvi.TestUITests;
				PRODUCT_NAME = "$(TARGET_NAME)";
				SWIFT_VERSION = 5.0;
				TARGETED_DEVICE_FAMILY = "1,2";
				TEST_TARGET_NAME = Test;
			};
			name = Debug;
		};
		21B748D22703FA250006D5C8 /* Release */ = {
			isa = XCBuildConfiguration;
			buildSettings = {
				ALWAYS_EMBED_SWIFT_STANDARD_LIBRARIES = YES;
				CODE_SIGN_STYLE = Automatic;
				INFOPLIST_FILE = TestUITests/Info.plist;
				LD_RUNPATH_SEARCH_PATHS = (
					"$(inherited)",
					"@executable_path/Frameworks",
					"@loader_path/Frameworks",
				);
				PRODUCT_BUNDLE_IDENTIFIER = com.pruthvi.TestUITests;
				PRODUCT_NAME = "$(TARGET_NAME)";
				SWIFT_VERSION = 5.0;
				TARGETED_DEVICE_FAMILY = "1,2";
				TEST_TARGET_NAME = Test;
			};
			name = Release;
		};
		21B748DE2703FB600006D5C8 /* Debug */ = {
			isa = XCBuildConfiguration;
			buildSettings = {
				ASSETCATALOG_COMPILER_APPICON_NAME = AppIcon;
				ASSETCATALOG_COMPILER_GLOBAL_ACCENT_COLOR_NAME = AccentColor;
				CODE_SIGN_IDENTITY = "iPhone Developer";
				CODE_SIGN_STYLE = Manual;
				DEVELOPMENT_TEAM = "";
				INFOPLIST_FILE = "Test copy-Info.plist";
				LD_RUNPATH_SEARCH_PATHS = (
					"$(inherited)",
					"@executable_path/Frameworks",
				);
				PRODUCT_BUNDLE_IDENTIFIER = com.zopsmart.a1mercado;
				PRODUCT_NAME = "$(TARGET_NAME)";
				PROVISIONING_PROFILE_SPECIFIER = "";
				SWIFT_VERSION = 5.0;
				TARGETED_DEVICE_FAMILY = "1,2";
			};
			name = Debug;
		};
		21B748DF2703FB600006D5C8 /* Release */ = {
			isa = XCBuildConfiguration;
			buildSettings = {
				ASSETCATALOG_COMPILER_APPICON_NAME = AppIcon;
				ASSETCATALOG_COMPILER_GLOBAL_ACCENT_COLOR_NAME = AccentColor;
				CODE_SIGN_IDENTITY = "iPhone Distribution";
				CODE_SIGN_STYLE = Manual;
				DEVELOPMENT_TEAM = "";
				INFOPLIST_FILE = "Test copy-Info.plist";
				LD_RUNPATH_SEARCH_PATHS = (
					"$(inherited)",
					"@executable_path/Frameworks",
				);
				PRODUCT_BUNDLE_IDENTIFIER = com.zopsmart.a1mercado;
				PRODUCT_NAME = "$(TARGET_NAME)";
				PROVISIONING_PROFILE_SPECIFIER = "";
				SWIFT_VERSION = 5.0;
				TARGETED_DEVICE_FAMILY = "1,2";
			};
			name = Release;
		};
/* End XCBuildConfiguration section */

/* Begin XCConfigurationList section */
		21B7489B2703FA240006D5C8 /* Build configuration list for PBXProject "Test" */ = {
			isa = XCConfigurationList;
			buildConfigurations = (
				21B748C82703FA250006D5C8 /* Debug */,
				21B748C92703FA250006D5C8 /* Release */,
			);
			defaultConfigurationIsVisible = 0;
			defaultConfigurationName = Release;
		};
		21B748CA2703FA250006D5C8 /* Build configuration list for PBXNativeTarget "Test" */ = {
			isa = XCConfigurationList;
			buildConfigurations = (
				21B748CB2703FA250006D5C8 /* Debug */,
				21B748CC2703FA250006D5C8 /* Release */,
			);
			defaultConfigurationIsVisible = 0;
			defaultConfigurationName = Release;
		};
		21B748CD2703FA250006D5C8 /* Build configuration list for PBXNativeTarget "TestTests" */ = {
			isa = XCConfigurationList;
			buildConfigurations = (
				21B748CE2703FA250006D5C8 /* Debug */,
				21B748CF2703FA250006D5C8 /* Release */,
			);
			defaultConfigurationIsVisible = 0;
			defaultConfigurationName = Release;
		};
		21B748D02703FA250006D5C8 /* Build configuration list for PBXNativeTarget "TestUITests" */ = {
			isa = XCConfigurationList;
			buildConfigurations = (
				21B748D12703FA250006D5C8 /* Debug */,
				21B748D22703FA250006D5C8 /* Release */,
			);
			defaultConfigurationIsVisible = 0;
			defaultConfigurationName = Release;
		};
		21B748DD2703FB600006D5C8 /* Build configuration list for PBXNativeTarget "A1 Mercado" */ = {
			isa = XCConfigurationList;
			buildConfigurations = (
				21B748DE2703FB600006D5C8 /* Debug */,
				21B748DF2703FB600006D5C8 /* Release */,
			);
			defaultConfigurationIsVisible = 0;
			defaultConfigurationName = Release;
		};
/* End XCConfigurationList section */
	};
	rootObject = 21B748982703FA240006D5C8 /* Project object */;
}
